
Microsoft Visual Studio Solution File, Format Version 11.00
# Visual Studio 2010
Project("{2150E333-8FDC-42A3-9474-1A3956D46DE8}") = "Presentation", "Presentation", "{54220296-829A-41EE-91F9-7A3CF11E1A10}"
EndProject
Project("{FAE04EC0-301F-11D3-BF4B-00C04F79EFBC}") = "DynamicQuery.Web", "Presentation\DynamicQuery.Web\DynamicQuery.Web.csproj", "{9BA12DB2-957B-4BA9-ACEC-E71AE4E6C07D}"
EndProject
Project("{2150E333-8FDC-42A3-9474-1A3956D46DE8}") = "BusinessLogic", "BusinessLogic", "{7757F932-B123-4404-A779-FE6EA759F4C1}"
EndProject
Project("{2150E333-8FDC-42A3-9474-1A3956D46DE8}") = "DataAccess", "DataAccess", "{76A7AE3B-C36E-425B-9C6E-986765167C5E}"
EndProject
Project("{FAE04EC0-301F-11D3-BF4B-00C04F79EFBC}") = "DynamicQuery.Entity", "BusinessLogic\DynamicQuery.Entity\DynamicQuery.Entity.csproj", "{CD72EB22-F202-4139-95D4-1627A8649C3D}"
EndProject
Project("{FAE04EC0-301F-11D3-BF4B-00C04F79EFBC}") = "DynamicQuery.Logic", "BusinessLogic\DynamicQuery.Logic\DynamicQuery.Logic.csproj", "{31A32475-15C4-4D4F-A00A-6737F2444B5C}"
EndProject
Project("{2150E333-8FDC-42A3-9474-1A3956D46DE8}") = "Documentation", "Documentation", "{24ABEC10-8349-4CD3-BB90-76B51DFDD834}"
EndProject
Project("{2150E333-8FDC-42A3-9474-1A3956D46DE8}") = "QueryBuilder", "QueryBuilder", "{9A36470C-5EC9-4CB2-8CE8-AC51CD8AA0C3}"
EndProject
Project("{FAE04EC0-301F-11D3-BF4B-00C04F79EFBC}") = "DynamicQuery.DocumentationDataAccess", "DataAccess\Documentation\DynamicQuery.DocumentationDataAccess\DynamicQuery.DocumentationDataAccess.csproj", "{7BA574AA-D147-4A09-8C4A-B2D7CB44CA3B}"
EndProject
Project("{FAE04EC0-301F-11D3-BF4B-00C04F79EFBC}") = "DynamicQuery.EFTSQLDocumentationGenerator", "DataAccess\Documentation\DynamicQuery.EFTSQLDocumentationGenerator\DynamicQuery.EFTSQLDocumentationGenerator.csproj", "{FBEE6B23-8759-444F-9431-7A0C868DCE22}"
EndProject
Project("{FAE04EC0-301F-11D3-BF4B-00C04F79EFBC}") = "DynaimcQuery.QueryBuilderDataAccess", "DataAccess\QueryBuilder\DynaimcQuery.QueryBuilderDataAccess\DynaimcQuery.QueryBuilderDataAccess.csproj", "{4BD116FB-AD4F-496B-A9B3-C483FBDA9EE1}"
EndProject
Project("{2150E333-8FDC-42A3-9474-1A3956D46DE8}") = "Core", "Core", "{92862818-35E2-41F0-85CB-5F6A51165CA2}"
EndProject
Project("{FAE04EC0-301F-11D3-BF4B-00C04F79EFBC}") = "DynamicQuery.Core", "Core\DynamicQuery.Core\DynamicQuery.Core.csproj", "{8375C154-0A62-4626-ADB3-66A1CAC00200}"
EndProject
Global
	GlobalSection(SolutionConfigurationPlatforms) = preSolution
		Debug|Any CPU = Debug|Any CPU
		Release|Any CPU = Release|Any CPU
	EndGlobalSection
	GlobalSection(ProjectConfigurationPlatforms) = postSolution
		{9BA12DB2-957B-4BA9-ACEC-E71AE4E6C07D}.Debug|Any CPU.ActiveCfg = Debug|Any CPU
		{9BA12DB2-957B-4BA9-ACEC-E71AE4E6C07D}.Debug|Any CPU.Build.0 = Debug|Any CPU
		{9BA12DB2-957B-4BA9-ACEC-E71AE4E6C07D}.Release|Any CPU.ActiveCfg = Release|Any CPU
		{9BA12DB2-957B-4BA9-ACEC-E71AE4E6C07D}.Release|Any CPU.Build.0 = Release|Any CPU
		{CD72EB22-F202-4139-95D4-1627A8649C3D}.Debug|Any CPU.ActiveCfg = Debug|Any CPU
		{CD72EB22-F202-4139-95D4-1627A8649C3D}.Debug|Any CPU.Build.0 = Debug|Any CPU
		{CD72EB22-F202-4139-95D4-1627A8649C3D}.Release|Any CPU.ActiveCfg = Release|Any CPU
		{CD72EB22-F202-4139-95D4-1627A8649C3D}.Release|Any CPU.Build.0 = Release|Any CPU
		{31A32475-15C4-4D4F-A00A-6737F2444B5C}.Debug|Any CPU.ActiveCfg = Debug|Any CPU
		{31A32475-15C4-4D4F-A00A-6737F2444B5C}.Debug|Any CPU.Build.0 = Debug|Any CPU
		{31A32475-15C4-4D4F-A00A-6737F2444B5C}.Release|Any CPU.ActiveCfg = Release|Any CPU
		{31A32475-15C4-4D4F-A00A-6737F2444B5C}.Release|Any CPU.Build.0 = Release|Any CPU
		{7BA574AA-D147-4A09-8C4A-B2D7CB44CA3B}.Debug|Any CPU.ActiveCfg = Debug|Any CPU
		{7BA574AA-D147-4A09-8C4A-B2D7CB44CA3B}.Debug|Any CPU.Build.0 = Debug|Any CPU
		{7BA574AA-D147-4A09-8C4A-B2D7CB44CA3B}.Release|Any CPU.ActiveCfg = Release|Any CPU
		{7BA574AA-D147-4A09-8C4A-B2D7CB44CA3B}.Release|Any CPU.Build.0 = Release|Any CPU
		{FBEE6B23-8759-444F-9431-7A0C868DCE22}.Debug|Any CPU.ActiveCfg = Debug|Any CPU
		{FBEE6B23-8759-444F-9431-7A0C868DCE22}.Debug|Any CPU.Build.0 = Debug|Any CPU
		{FBEE6B23-8759-444F-9431-7A0C868DCE22}.Release|Any CPU.ActiveCfg = Release|Any CPU
		{FBEE6B23-8759-444F-9431-7A0C868DCE22}.Release|Any CPU.Build.0 = Release|Any CPU
		{4BD116FB-AD4F-496B-A9B3-C483FBDA9EE1}.Debug|Any CPU.ActiveCfg = Debug|Any CPU
		{4BD116FB-AD4F-496B-A9B3-C483FBDA9EE1}.Debug|Any CPU.Build.0 = Debug|Any CPU
		{4BD116FB-AD4F-496B-A9B3-C483FBDA9EE1}.Release|Any CPU.ActiveCfg = Release|Any CPU
		{4BD116FB-AD4F-496B-A9B3-C483FBDA9EE1}.Release|Any CPU.Build.0 = Release|Any CPU
		{8375C154-0A62-4626-ADB3-66A1CAC00200}.Debug|Any CPU.ActiveCfg = Debug|Any CPU
		{8375C154-0A62-4626-ADB3-66A1CAC00200}.Debug|Any CPU.Build.0 = Debug|Any CPU
		{8375C154-0A62-4626-ADB3-66A1CAC00200}.Release|Any CPU.ActiveCfg = Release|Any CPU
		{8375C154-0A62-4626-ADB3-66A1CAC00200}.Release|Any CPU.Build.0 = Release|Any CPU
	EndGlobalSection
	GlobalSection(SolutionProperties) = preSolution
		HideSolutionNode = FALSE
	EndGlobalSection
	GlobalSection(NestedProjects) = preSolution
		{9BA12DB2-957B-4BA9-ACEC-E71AE4E6C07D} = {54220296-829A-41EE-91F9-7A3CF11E1A10}
		{CD72EB22-F202-4139-95D4-1627A8649C3D} = {7757F932-B123-4404-A779-FE6EA759F4C1}
		{31A32475-15C4-4D4F-A00A-6737F2444B5C} = {7757F932-B123-4404-A779-FE6EA759F4C1}
		{24ABEC10-8349-4CD3-BB90-76B51DFDD834} = {76A7AE3B-C36E-425B-9C6E-986765167C5E}
		{9A36470C-5EC9-4CB2-8CE8-AC51CD8AA0C3} = {76A7AE3B-C36E-425B-9C6E-986765167C5E}
		{7BA574AA-D147-4A09-8C4A-B2D7CB44CA3B} = {24ABEC10-8349-4CD3-BB90-76B51DFDD834}
		{FBEE6B23-8759-444F-9431-7A0C868DCE22} = {24ABEC10-8349-4CD3-BB90-76B51DFDD834}
		{4BD116FB-AD4F-496B-A9B3-C483FBDA9EE1} = {9A36470C-5EC9-4CB2-8CE8-AC51CD8AA0C3}
		{8375C154-0A62-4626-ADB3-66A1CAC00200} = {92862818-35E2-41F0-85CB-5F6A51165CA2}
	EndGlobalSection
EndGlobal
