
Microsoft Visual Studio Solution File, Format Version 11.00
# Visual Studio 2010
Project("{2150E333-8FDC-42A3-9474-1A3956D46DE8}") = "Presentation", "Presentation", "{54220296-829A-41EE-91F9-7A3CF11E1A10}"
EndProject
Project("{FAE04EC0-301F-11D3-BF4B-00C04F79EFBC}") = "DynamicQuery.Web", "Presentation\DynamicQuery.Web\DynamicQuery.Web.csproj", "{9BA12DB2-957B-4BA9-ACEC-E71AE4E6C07D}"
EndProject
Global
	GlobalSection(SolutionConfigurationPlatforms) = preSolution
		Debug|Any CPU = Debug|Any CPU
		Release|Any CPU = Release|Any CPU
	EndGlobalSection
	GlobalSection(ProjectConfigurationPlatforms) = postSolution
		{9BA12DB2-957B-4BA9-ACEC-E71AE4E6C07D}.Debug|Any CPU.ActiveCfg = Debug|Any CPU
		{9BA12DB2-957B-4BA9-ACEC-E71AE4E6C07D}.Debug|Any CPU.Build.0 = Debug|Any CPU
		{9BA12DB2-957B-4BA9-ACEC-E71AE4E6C07D}.Release|Any CPU.ActiveCfg = Release|Any CPU
		{9BA12DB2-957B-4BA9-ACEC-E71AE4E6C07D}.Release|Any CPU.Build.0 = Release|Any CPU
	EndGlobalSection
	GlobalSection(SolutionProperties) = preSolution
		HideSolutionNode = FALSE
	EndGlobalSection
	GlobalSection(NestedProjects) = preSolution
		{9BA12DB2-957B-4BA9-ACEC-E71AE4E6C07D} = {54220296-829A-41EE-91F9-7A3CF11E1A10}
	EndGlobalSection
EndGlobal
